// !$*UTF8*$!
{
	archiveVersion = 1;
	classes = {
	};
	objectVersion = 46;
	objects = {

/* Begin PBXBuildFile section */
		CDDA85471EF93E32002AE023 /* main.m in Sources */ = {isa = PBXBuildFile; fileRef = CDDA85461EF93E32002AE023 /* main.m */; };
		CDDA854A1EF93E32002AE023 /* AppDelegate.m in Sources */ = {isa = PBXBuildFile; fileRef = CDDA85491EF93E32002AE023 /* AppDelegate.m */; };
		CDDA854D1EF93E32002AE023 /* ViewController.m in Sources */ = {isa = PBXBuildFile; fileRef = CDDA854C1EF93E32002AE023 /* ViewController.m */; };
		CDDA85501EF93E32002AE023 /* Main.storyboard in Resources */ = {isa = PBXBuildFile; fileRef = CDDA854E1EF93E32002AE023 /* Main.storyboard */; };
		CDDA85521EF93E32002AE023 /* Assets.xcassets in Resources */ = {isa = PBXBuildFile; fileRef = CDDA85511EF93E32002AE023 /* Assets.xcassets */; };
		CDDA85551EF93E32002AE023 /* LaunchScreen.storyboard in Resources */ = {isa = PBXBuildFile; fileRef = CDDA85531EF93E32002AE023 /* LaunchScreen.storyboard */; };
		CDDA855E1EF93EE9002AE023 /* H264ToMp4.m in Sources */ = {isa = PBXBuildFile; fileRef = CDDA855D1EF93EE9002AE023 /* H264ToMp4.m */; };
		CDDA85601EF93F6E002AE023 /* video.h264 in Resources */ = {isa = PBXBuildFile; fileRef = CDDA855F1EF93F6E002AE023 /* video.h264 */; };
/* End PBXBuildFile section */

/* Begin PBXFileReference section */
		CDDA85421EF93E32002AE023 /* H264ToMP4.app */ = {isa = PBXFileReference; explicitFileType = wrapper.application; includeInIndex = 0; path = H264ToMP4.app; sourceTree = BUILT_PRODUCTS_DIR; };
		CDDA85461EF93E32002AE023 /* main.m */ = {isa = PBXFileReference; lastKnownFileType = sourcecode.c.objc; path = main.m; sourceTree = "<group>"; };
		CDDA85481EF93E32002AE023 /* AppDelegate.h */ = {isa = PBXFileReference; lastKnownFileType = sourcecode.c.h; path = AppDelegate.h; sourceTree = "<group>"; };
		CDDA85491EF93E32002AE023 /* AppDelegate.m */ = {isa = PBXFileReference; lastKnownFileType = sourcecode.c.objc; path = AppDelegate.m; sourceTree = "<group>"; };
		CDDA854B1EF93E32002AE023 /* ViewController.h */ = {isa = PBXFileReference; lastKnownFileType = sourcecode.c.h; path = ViewController.h; sourceTree = "<group>"; };
		CDDA854C1EF93E32002AE023 /* ViewController.m */ = {isa = PBXFileReference; lastKnownFileType = sourcecode.c.objc; path = ViewController.m; sourceTree = "<group>"; };
		CDDA854F1EF93E32002AE023 /* Base */ = {isa = PBXFileReference; lastKnownFileType = file.storyboard; name = Base; path = Base.lproj/Main.storyboard; sourceTree = "<group>"; };
		CDDA85511EF93E32002AE023 /* Assets.xcassets */ = {isa = PBXFileReference; lastKnownFileType = folder.assetcatalog; path = Assets.xcassets; sourceTree = "<group>"; };
		CDDA85541EF93E32002AE023 /* Base */ = {isa = PBXFileReference; lastKnownFileType = file.storyboard; name = Base; path = Base.lproj/LaunchScreen.storyboard; sourceTree = "<group>"; };
		CDDA85561EF93E32002AE023 /* Info.plist */ = {isa = PBXFileReference; lastKnownFileType = text.plist.xml; path = Info.plist; sourceTree = "<group>"; };
		CDDA855C1EF93EE9002AE023 /* H264ToMp4.h */ = {isa = PBXFileReference; fileEncoding = 4; lastKnownFileType = sourcecode.c.h; path = H264ToMp4.h; sourceTree = "<group>"; };
		CDDA855D1EF93EE9002AE023 /* H264ToMp4.m */ = {isa = PBXFileReference; fileEncoding = 4; lastKnownFileType = sourcecode.c.objc; path = H264ToMp4.m; sourceTree = "<group>"; };
		CDDA855F1EF93F6E002AE023 /* video.h264 */ = {isa = PBXFileReference; lastKnownFileType = file; path = video.h264; sourceTree = "<group>"; };
/* End PBXFileReference section */

/* Begin PBXFrameworksBuildPhase section */
		CDDA853F1EF93E32002AE023 /* Frameworks */ = {
			isa = PBXFrameworksBuildPhase;
			buildActionMask = 2147483647;
			files = (
			);
			runOnlyForDeploymentPostprocessing = 0;
		};
/* End PBXFrameworksBuildPhase section */

/* Begin PBXGroup section */
		CDDA85391EF93E32002AE023 = {
			isa = PBXGroup;
			children = (
				CDDA855F1EF93F6E002AE023 /* video.h264 */,
				CDDA85441EF93E32002AE023 /* H264ToMP4 */,
				CDDA85431EF93E32002AE023 /* Products */,
			);
			sourceTree = "<group>";
		};
		CDDA85431EF93E32002AE023 /* Products */ = {
			isa = PBXGroup;
			children = (
				CDDA85421EF93E32002AE023 /* H264ToMP4.app */,
			);
			name = Products;
			sourceTree = "<group>";
		};
		CDDA85441EF93E32002AE023 /* H264ToMP4 */ = {
			isa = PBXGroup;
			children = (
				CDDA855C1EF93EE9002AE023 /* H264ToMp4.h */,
				CDDA855D1EF93EE9002AE023 /* H264ToMp4.m */,
				CDDA85481EF93E32002AE023 /* AppDelegate.h */,
				CDDA85491EF93E32002AE023 /* AppDelegate.m */,
				CDDA854B1EF93E32002AE023 /* ViewController.h */,
				CDDA854C1EF93E32002AE023 /* ViewController.m */,
				CDDA854E1EF93E32002AE023 /* Main.storyboard */,
				CDDA85511EF93E32002AE023 /* Assets.xcassets */,
				CDDA85531EF93E32002AE023 /* LaunchScreen.storyboard */,
				CDDA85561EF93E32002AE023 /* Info.plist */,
				CDDA85451EF93E32002AE023 /* Supporting Files */,
			);
			path = H264ToMP4;
			sourceTree = "<group>";
		};
		CDDA85451EF93E32002AE023 /* Supporting Files */ = {
			isa = PBXGroup;
			children = (
				CDDA85461EF93E32002AE023 /* main.m */,
			);
			name = "Supporting Files";
			sourceTree = "<group>";
		};
/* End PBXGroup section */

/* Begin PBXNativeTarget section */
		CDDA85411EF93E32002AE023 /* H264ToMP4 */ = {
			isa = PBXNativeTarget;
			buildConfigurationList = CDDA85591EF93E32002AE023 /* Build configuration list for PBXNativeTarget "H264ToMP4" */;
			buildPhases = (
				CDDA853E1EF93E32002AE023 /* Sources */,
				CDDA853F1EF93E32002AE023 /* Frameworks */,
				CDDA85401EF93E32002AE023 /* Resources */,
			);
			buildRules = (
			);
			dependencies = (
			);
			name = H264ToMP4;
			productName = H264ToMP4;
			productReference = CDDA85421EF93E32002AE023 /* H264ToMP4.app */;
			productType = "com.apple.product-type.application";
		};
/* End PBXNativeTarget section */

/* Begin PBXProject section */
		CDDA853A1EF93E32002AE023 /* Project object */ = {
			isa = PBXProject;
			attributes = {
				LastUpgradeCheck = 0830;
				ORGANIZATIONNAME = "包红来";
				TargetAttributes = {
					CDDA85411EF93E32002AE023 = {
						CreatedOnToolsVersion = 8.3.2;
						DevelopmentTeam = MT2BRNBJYZ;
						ProvisioningStyle = Manual;
					};
				};
			};
			buildConfigurationList = CDDA853D1EF93E32002AE023 /* Build configuration list for PBXProject "H264ToMP4" */;
			compatibilityVersion = "Xcode 3.2";
			developmentRegion = English;
			hasScannedForEncodings = 0;
			knownRegions = (
				en,
				Base,
			);
			mainGroup = CDDA85391EF93E32002AE023;
			productRefGroup = CDDA85431EF93E32002AE023 /* Products */;
			projectDirPath = "";
			projectRoot = "";
			targets = (
				CDDA85411EF93E32002AE023 /* H264ToMP4 */,
			);
		};
/* End PBXProject section */

/* Begin PBXResourcesBuildPhase section */
		CDDA85401EF93E32002AE023 /* Resources */ = {
			isa = PBXResourcesBuildPhase;
			buildActionMask = 2147483647;
			files = (
				CDDA85551EF93E32002AE023 /* LaunchScreen.storyboard in Resources */,
				CDDA85521EF93E32002AE023 /* Assets.xcassets in Resources */,
				CDDA85501EF93E32002AE023 /* Main.storyboard in Resources */,
				CDDA85601EF93F6E002AE023 /* video.h264 in Resources */,
			);
			runOnlyForDeploymentPostprocessing = 0;
		};
/* End PBXResourcesBuildPhase section */

/* Begin PBXSourcesBuildPhase section */
		CDDA853E1EF93E32002AE023 /* Sources */ = {
			isa = PBXSourcesBuildPhase;
			buildActionMask = 2147483647;
			files = (
				CDDA854D1EF93E32002AE023 /* ViewController.m in Sources */,
				CDDA854A1EF93E32002AE023 /* AppDelegate.m in Sources */,
				CDDA855E1EF93EE9002AE023 /* H264ToMp4.m in Sources */,
				CDDA85471EF93E32002AE023 /* main.m in Sources */,
			);
			runOnlyForDeploymentPostprocessing = 0;
		};
/* End PBXSourcesBuildPhase section */

/* Begin PBXVariantGroup section */
		CDDA854E1EF93E32002AE023 /* Main.storyboard */ = {
			isa = PBXVariantGroup;
			children = (
				CDDA854F1EF93E32002AE023 /* Base */,
			);
			name = Main.storyboard;
			sourceTree = "<group>";
		};
		CDDA85531EF93E32002AE023 /* LaunchScreen.storyboard */ = {
			isa = PBXVariantGroup;
			children = (
				CDDA85541EF93E32002AE023 /* Base */,
			);
			name = LaunchScreen.storyboard;
			sourceTree = "<group>";
		};
/* End PBXVariantGroup section */

/* Begin XCBuildConfiguration section */
		CDDA85571EF93E32002AE023 /* Debug */ = {
			isa = XCBuildConfiguration;
			buildSettings = {
				ALWAYS_SEARCH_USER_PATHS = NO;
				CLANG_ANALYZER_NONNULL = YES;
				CLANG_ANALYZER_NUMBER_OBJECT_CONVERSION = YES_AGGRESSIVE;
				CLANG_CXX_LANGUAGE_STANDARD = "gnu++0x";
				CLANG_CXX_LIBRARY = "libc++";
				CLANG_ENABLE_MODULES = YES;
				CLANG_ENABLE_OBJC_ARC = YES;
				CLANG_WARN_BOOL_CONVERSION = YES;
				CLANG_WARN_CONSTANT_CONVERSION = YES;
				CLANG_WARN_DIRECT_OBJC_ISA_USAGE = YES_ERROR;
				CLANG_WARN_DOCUMENTATION_COMMENTS = YES;
				CLANG_WARN_EMPTY_BODY = YES;
				CLANG_WARN_ENUM_CONVERSION = YES;
				CLANG_WARN_INFINITE_RECURSION = YES;
				CLANG_WARN_INT_CONVERSION = YES;
				CLANG_WARN_OBJC_ROOT_CLASS = YES_ERROR;
				CLANG_WARN_SUSPICIOUS_MOVE = YES;
				CLANG_WARN_UNREACHABLE_CODE = YES;
				CLANG_WARN__DUPLICATE_METHOD_MATCH = YES;
				"CODE_SIGN_IDENTITY[sdk=iphoneos*]" = "iPhone Developer";
				COPY_PHASE_STRIP = NO;
				DEBUG_INFORMATION_FORMAT = dwarf;
				ENABLE_STRICT_OBJC_MSGSEND = YES;
				ENABLE_TESTABILITY = YES;
				GCC_C_LANGUAGE_STANDARD = gnu99;
				GCC_DYNAMIC_NO_PIC = NO;
				GCC_NO_COMMON_BLOCKS = YES;
				GCC_OPTIMIZATION_LEVEL = 0;
				GCC_PREPROCESSOR_DEFINITIONS = (
					"DEBUG=1",
					"$(inherited)",
				);
				GCC_WARN_64_TO_32_BIT_CONVERSION = YES;
				GCC_WARN_ABOUT_RETURN_TYPE = YES_ERROR;
				GCC_WARN_UNDECLARED_SELECTOR = YES;
				GCC_WARN_UNINITIALIZED_AUTOS = YES_AGGRESSIVE;
				GCC_WARN_UNUSED_FUNCTION = YES;
				GCC_WARN_UNUSED_VARIABLE = YES;
				IPHONEOS_DEPLOYMENT_TARGET = 9.0;
				MTL_ENABLE_DEBUG_INFO = YES;
				ONLY_ACTIVE_ARCH = YES;
				SDKROOT = iphoneos;
				TARGETED_DEVICE_FAMILY = "1,2";
			};
			name = Debug;
		};
		CDDA85581EF93E32002AE023 /* Release */ = {
			isa = XCBuildConfiguration;
			buildSettings = {
				ALWAYS_SEARCH_USER_PATHS = NO;
				CLANG_ANALYZER_NONNULL = YES;
				CLANG_ANALYZER_NUMBER_OBJECT_CONVERSION = YES_AGGRESSIVE;
				CLANG_CXX_LANGUAGE_STANDARD = "gnu++0x";
				CLANG_CXX_LIBRARY = "libc++";
				CLANG_ENABLE_MODULES = YES;
				CLANG_ENABLE_OBJC_ARC = YES;
				CLANG_WARN_BOOL_CONVERSION = YES;
				CLANG_WARN_CONSTANT_CONVERSION = YES;
				CLANG_WARN_DIRECT_OBJC_ISA_USAGE = YES_ERROR;
				CLANG_WARN_DOCUMENTATION_COMMENTS = YES;
				CLANG_WARN_EMPTY_BODY = YES;
				CLANG_WARN_ENUM_CONVERSION = YES;
				CLANG_WARN_INFINITE_RECURSION = YES;
				CLANG_WARN_INT_CONVERSION = YES;
				CLANG_WARN_OBJC_ROOT_CLASS = YES_ERROR;
				CLANG_WARN_SUSPICIOUS_MOVE = YES;
				CLANG_WARN_UNREACHABLE_CODE = YES;
				CLANG_WARN__DUPLICATE_METHOD_MATCH = YES;
				"CODE_SIGN_IDENTITY[sdk=iphoneos*]" = "iPhone Developer";
				COPY_PHASE_STRIP = NO;
				DEBUG_INFORMATION_FORMAT = "dwarf-with-dsym";
				ENABLE_NS_ASSERTIONS = NO;
				ENABLE_STRICT_OBJC_MSGSEND = YES;
				GCC_C_LANGUAGE_STANDARD = gnu99;
				GCC_NO_COMMON_BLOCKS = YES;
				GCC_WARN_64_TO_32_BIT_CONVERSION = YES;
				GCC_WARN_ABOUT_RETURN_TYPE = YES_ERROR;
				GCC_WARN_UNDECLARED_SELECTOR = YES;
				GCC_WARN_UNINITIALIZED_AUTOS = YES_AGGRESSIVE;
				GCC_WARN_UNUSED_FUNCTION = YES;
				GCC_WARN_UNUSED_VARIABLE = YES;
				IPHONEOS_DEPLOYMENT_TARGET = 9.0;
				MTL_ENABLE_DEBUG_INFO = NO;
				SDKROOT = iphoneos;
				TARGETED_DEVICE_FAMILY = "1,2";
				VALIDATE_PRODUCT = YES;
			};
			name = Release;
		};
		CDDA855A1EF93E32002AE023 /* Debug */ = {
			isa = XCBuildConfiguration;
			buildSettings = {
				ASSETCATALOG_COMPILER_APPICON_NAME = AppIcon;
				DEVELOPMENT_TEAM = MT2BRNBJYZ;
				INFOPLIST_FILE = H264ToMP4/Info.plist;
				LD_RUNPATH_SEARCH_PATHS = "$(inherited) @executable_path/Frameworks";
				PRODUCT_BUNDLE_IDENTIFIER = com.H264ToMP4;
				PRODUCT_NAME = "$(TARGET_NAME)";
				PROVISIONING_PROFILE = "5d0de7c4-7fdf-49d8-a17d-62071c9aaa93";
				PROVISIONING_PROFILE_SPECIFIER = "match Development com.*";
			};
			name = Debug;
		};
		CDDA855B1EF93E32002AE023 /* Release */ = {
			isa = XCBuildConfiguration;
			buildSettings = {
				ASSETCATALOG_COMPILER_APPICON_NAME = AppIcon;
				DEVELOPMENT_TEAM = MT2BRNBJYZ;
				INFOPLIST_FILE = H264ToMP4/Info.plist;
				LD_RUNPATH_SEARCH_PATHS = "$(inherited) @executable_path/Frameworks";
				PRODUCT_BUNDLE_IDENTIFIER = com.H264ToMP4;
				PRODUCT_NAME = "$(TARGET_NAME)";
				PROVISIONING_PROFILE = "5d0de7c4-7fdf-49d8-a17d-62071c9aaa93";
				PROVISIONING_PROFILE_SPECIFIER = "match Development com.*";
			};
			name = Release;
		};
/* End XCBuildConfiguration section */

/* Begin XCConfigurationList section */
		CDDA853D1EF93E32002AE023 /* Build configuration list for PBXProject "H264ToMP4" */ = {
			isa = XCConfigurationList;
			buildConfigurations = (
				CDDA85571EF93E32002AE023 /* Debug */,
				CDDA85581EF93E32002AE023 /* Release */,
			);
			defaultConfigurationIsVisible = 0;
			defaultConfigurationName = Release;
		};
		CDDA85591EF93E32002AE023 /* Build configuration list for PBXNativeTarget "H264ToMP4" */ = {
			isa = XCConfigurationList;
			buildConfigurations = (
				CDDA855A1EF93E32002AE023 /* Debug */,
				CDDA855B1EF93E32002AE023 /* Release */,
			);
			defaultConfigurationIsVisible = 0;
			defaultConfigurationName = Release;
		};
/* End XCConfigurationList section */
	};
	rootObject = CDDA853A1EF93E32002AE023 /* Project object */;
}
